
Microsoft Visual Studio Solution File, Format Version 12.00
# Visual Studio 2012
Project("{8BC9CEB8-8B4A-11D0-8D11-00A0C91BC942}") = "test1", "test1\test1.vcxproj", "{02BA957C-CC97-4A45-B933-52FD0F60A797}"
EndProject
Global
	GlobalSection(SolutionConfigurationPlatforms) = preSolution
		Debug|Win32 = Debug|Win32
		Release|Win32 = Release|Win32
	EndGlobalSection
	GlobalSection(ProjectConfigurationPlatforms) = postSolution
		{02BA957C-CC97-4A45-B933-52FD0F60A797}.Debug|Win32.ActiveCfg = Debug|Win32
		{02BA957C-CC97-4A45-B933-52FD0F60A797}.Debug|Win32.Build.0 = Debug|Win32
		{02BA957C-CC97-4A45-B933-52FD0F60A797}.Release|Win32.ActiveCfg = Release|Win32
		{02BA957C-CC97-4A45-B933-52FD0F60A797}.Release|Win32.Build.0 = Release|Win32
	EndGlobalSection
	GlobalSection(SolutionProperties) = preSolution
		HideSolutionNode = FALSE
	EndGlobalSection
EndGlobal
